
Microsoft Visual Studio Solution File, Format Version 12.00
# Visual Studio Version 16
VisualStudioVersion = 16.0.29728.190
MinimumVisualStudioVersion = 10.0.40219.1
Project("{FAE04EC0-301F-11D3-BF4B-00C04F79EFBC}") = "BananaSplit", "BananaSplit\BananaSplit.csproj", "{EC918B5D-EFE5-48EA-8F51-C05574198135}"
EndProject
Global
	GlobalSection(SolutionConfigurationPlatforms) = preSolution
		Debug|Any CPU = Debug|Any CPU
		Release|Any CPU = Release|Any CPU
	EndGlobalSection
	GlobalSection(ProjectConfigurationPlatforms) = postSolution
		{EC918B5D-EFE5-48EA-8F51-C05574198135}.Debug|Any CPU.ActiveCfg = Debug|Any CPU
		{EC918B5D-EFE5-48EA-8F51-C05574198135}.Debug|Any CPU.Build.0 = Debug|Any CPU
		{EC918B5D-EFE5-48EA-8F51-C05574198135}.Release|Any CPU.ActiveCfg = Release|Any CPU
		{EC918B5D-EFE5-48EA-8F51-C05574198135}.Release|Any CPU.Build.0 = Release|Any CPU
	EndGlobalSection
	GlobalSection(SolutionProperties) = preSolution
		HideSolutionNode = FALSE
	EndGlobalSection
	GlobalSection(ExtensibilityGlobals) = postSolution
		SolutionGuid = {CA107A36-4967-4BBF-81C0-682AEBB81A55}
	EndGlobalSection
EndGlobal
